
Microsoft Visual Studio Solution File, Format Version 12.00
# Visual Studio Version 17
VisualStudioVersion = 17.11.35303.130
MinimumVisualStudioVersion = 10.0.40219.1
Project("{9A19103F-16F7-4668-BE54-9A1E7A4F7556}") = "PuntoCell-Backend", "PuntoCell-Backend\PuntoCell-Backend.csproj", "{C8B04EE3-A4EC-4768-8A8D-F4CFF321AC17}"
EndProject
Project("{FAE04EC0-301F-11D3-BF4B-00C04F79EFBC}") = "ConsoleApp1", "ConsoleApp1\ConsoleApp1.csproj", "{CEB5FC65-E45C-4289-A690-D5E9726B0949}"
EndProject
Global
	GlobalSection(SolutionConfigurationPlatforms) = preSolution
		Debug|Any CPU = Debug|Any CPU
		Release|Any CPU = Release|Any CPU
	EndGlobalSection
	GlobalSection(ProjectConfigurationPlatforms) = postSolution
		{C8B04EE3-A4EC-4768-8A8D-F4CFF321AC17}.Debug|Any CPU.ActiveCfg = Debug|Any CPU
		{C8B04EE3-A4EC-4768-8A8D-F4CFF321AC17}.Debug|Any CPU.Build.0 = Debug|Any CPU
		{C8B04EE3-A4EC-4768-8A8D-F4CFF321AC17}.Release|Any CPU.ActiveCfg = Release|Any CPU
		{C8B04EE3-A4EC-4768-8A8D-F4CFF321AC17}.Release|Any CPU.Build.0 = Release|Any CPU
		{CEB5FC65-E45C-4289-A690-D5E9726B0949}.Debug|Any CPU.ActiveCfg = Debug|Any CPU
		{CEB5FC65-E45C-4289-A690-D5E9726B0949}.Debug|Any CPU.Build.0 = Debug|Any CPU
		{CEB5FC65-E45C-4289-A690-D5E9726B0949}.Release|Any CPU.ActiveCfg = Release|Any CPU
		{CEB5FC65-E45C-4289-A690-D5E9726B0949}.Release|Any CPU.Build.0 = Release|Any CPU
	EndGlobalSection
	GlobalSection(SolutionProperties) = preSolution
		HideSolutionNode = FALSE
	EndGlobalSection
	GlobalSection(ExtensibilityGlobals) = postSolution
		SolutionGuid = {C98850CB-E00B-4B4F-80C9-5FDDB211731D}
	EndGlobalSection
EndGlobal
